{
    "_readme": [
        "This file locks the dependencies of your project to a known state",
        "Read more about it at https://getcomposer.org/doc/01-basic-usage.md#composer-lock-the-lock-file",
        "This file is @generated automatically"
    ],
    "content-hash": "a93e3970595dca73106f6deb716e77ac",
    "packages": [
        {
            "name": "simlux/php-url",
            "version": "dev-master",
            "source": {
                "type": "git",
                "url": "https://github.com/simlux/php-url.git",
                "reference": "704ff56fedf2adbc1932420975fe4573d23cfb7d"
            },
            "dist": {
                "type": "zip",
                "url": "https://api.github.com/repos/simlux/php-url/zipball/704ff56fedf2adbc1932420975fe4573d23cfb7d",
                "reference": "704ff56fedf2adbc1932420975fe4573d23cfb7d",
                "shasum": ""
            },
            "require": {
                "php": "^7.0"
            },
            "type": "library",
            "autoload": {
                "psr-4": {
                    "Simlux\\Url\\": "src/"
                }
            },
            "notification-url": "https://packagist.org/downloads/",
            "license": [
                "MIT"
            ],
            "authors": [
                {
                    "name": "Simon Kleeschulte",
                    "email": "simlux78@gmail.com"
                }
            ],
            "description": "Url object",
            "time": "2017-12-18 16:19:11"
        }
    ],
    "packages-dev": [],
    "aliases": [],
    "minimum-stability": "stable",
    "stability-flags": {
        "simlux/php-url": 20
    },
    "prefer-stable": false,
    "prefer-lowest": false,
    "platform": {
        "php": "^7.0"
    },
    "platform-dev": []
}
